
Microsoft Visual Studio Solution File, Format Version 12.00
# Visual Studio 15
VisualStudioVersion = 15.0.26124.0
MinimumVisualStudioVersion = 15.0.26124.0
Project("{FAE04EC0-301F-11D3-BF4B-00C04F79EFBC}") = "Domain", "Domain\Domain.csproj", "{120BA23D-DA0B-44C4-B3CC-390F8EA4A55B}"
EndProject
Project("{FAE04EC0-301F-11D3-BF4B-00C04F79EFBC}") = "API", "API\API.csproj", "{49CDBF3D-93B5-48E0-9160-3C813D29FE29}"
EndProject
Project("{FAE04EC0-301F-11D3-BF4B-00C04F79EFBC}") = "Application", "Application\Application.csproj", "{66D84414-6908-47F1-AB1C-81313E9920F2}"
EndProject
Project("{FAE04EC0-301F-11D3-BF4B-00C04F79EFBC}") = "Persistence", "Persistence\Persistence.csproj", "{AE84C5C6-FB6D-4E02-8882-EFDC56FFC4E4}"
EndProject
Global
	GlobalSection(SolutionConfigurationPlatforms) = preSolution
		Debug|Any CPU = Debug|Any CPU
		Debug|x64 = Debug|x64
		Debug|x86 = Debug|x86
		Release|Any CPU = Release|Any CPU
		Release|x64 = Release|x64
		Release|x86 = Release|x86
	EndGlobalSection
	GlobalSection(SolutionProperties) = preSolution
		HideSolutionNode = FALSE
	EndGlobalSection
	GlobalSection(ProjectConfigurationPlatforms) = postSolution
		{120BA23D-DA0B-44C4-B3CC-390F8EA4A55B}.Debug|Any CPU.ActiveCfg = Debug|Any CPU
		{120BA23D-DA0B-44C4-B3CC-390F8EA4A55B}.Debug|Any CPU.Build.0 = Debug|Any CPU
		{120BA23D-DA0B-44C4-B3CC-390F8EA4A55B}.Debug|x64.ActiveCfg = Debug|Any CPU
		{120BA23D-DA0B-44C4-B3CC-390F8EA4A55B}.Debug|x64.Build.0 = Debug|Any CPU
		{120BA23D-DA0B-44C4-B3CC-390F8EA4A55B}.Debug|x86.ActiveCfg = Debug|Any CPU
		{120BA23D-DA0B-44C4-B3CC-390F8EA4A55B}.Debug|x86.Build.0 = Debug|Any CPU
		{120BA23D-DA0B-44C4-B3CC-390F8EA4A55B}.Release|Any CPU.ActiveCfg = Release|Any CPU
		{120BA23D-DA0B-44C4-B3CC-390F8EA4A55B}.Release|Any CPU.Build.0 = Release|Any CPU
		{120BA23D-DA0B-44C4-B3CC-390F8EA4A55B}.Release|x64.ActiveCfg = Release|Any CPU
		{120BA23D-DA0B-44C4-B3CC-390F8EA4A55B}.Release|x64.Build.0 = Release|Any CPU
		{120BA23D-DA0B-44C4-B3CC-390F8EA4A55B}.Release|x86.ActiveCfg = Release|Any CPU
		{120BA23D-DA0B-44C4-B3CC-390F8EA4A55B}.Release|x86.Build.0 = Release|Any CPU
		{49CDBF3D-93B5-48E0-9160-3C813D29FE29}.Debug|Any CPU.ActiveCfg = Debug|Any CPU
		{49CDBF3D-93B5-48E0-9160-3C813D29FE29}.Debug|Any CPU.Build.0 = Debug|Any CPU
		{49CDBF3D-93B5-48E0-9160-3C813D29FE29}.Debug|x64.ActiveCfg = Debug|Any CPU
		{49CDBF3D-93B5-48E0-9160-3C813D29FE29}.Debug|x64.Build.0 = Debug|Any CPU
		{49CDBF3D-93B5-48E0-9160-3C813D29FE29}.Debug|x86.ActiveCfg = Debug|Any CPU
		{49CDBF3D-93B5-48E0-9160-3C813D29FE29}.Debug|x86.Build.0 = Debug|Any CPU
		{49CDBF3D-93B5-48E0-9160-3C813D29FE29}.Release|Any CPU.ActiveCfg = Release|Any CPU
		{49CDBF3D-93B5-48E0-9160-3C813D29FE29}.Release|Any CPU.Build.0 = Release|Any CPU
		{49CDBF3D-93B5-48E0-9160-3C813D29FE29}.Release|x64.ActiveCfg = Release|Any CPU
		{49CDBF3D-93B5-48E0-9160-3C813D29FE29}.Release|x64.Build.0 = Release|Any CPU
		{49CDBF3D-93B5-48E0-9160-3C813D29FE29}.Release|x86.ActiveCfg = Release|Any CPU
		{49CDBF3D-93B5-48E0-9160-3C813D29FE29}.Release|x86.Build.0 = Release|Any CPU
		{66D84414-6908-47F1-AB1C-81313E9920F2}.Debug|Any CPU.ActiveCfg = Debug|Any CPU
		{66D84414-6908-47F1-AB1C-81313E9920F2}.Debug|Any CPU.Build.0 = Debug|Any CPU
		{66D84414-6908-47F1-AB1C-81313E9920F2}.Debug|x64.ActiveCfg = Debug|Any CPU
		{66D84414-6908-47F1-AB1C-81313E9920F2}.Debug|x64.Build.0 = Debug|Any CPU
		{66D84414-6908-47F1-AB1C-81313E9920F2}.Debug|x86.ActiveCfg = Debug|Any CPU
		{66D84414-6908-47F1-AB1C-81313E9920F2}.Debug|x86.Build.0 = Debug|Any CPU
		{66D84414-6908-47F1-AB1C-81313E9920F2}.Release|Any CPU.ActiveCfg = Release|Any CPU
		{66D84414-6908-47F1-AB1C-81313E9920F2}.Release|Any CPU.Build.0 = Release|Any CPU
		{66D84414-6908-47F1-AB1C-81313E9920F2}.Release|x64.ActiveCfg = Release|Any CPU
		{66D84414-6908-47F1-AB1C-81313E9920F2}.Release|x64.Build.0 = Release|Any CPU
		{66D84414-6908-47F1-AB1C-81313E9920F2}.Release|x86.ActiveCfg = Release|Any CPU
		{66D84414-6908-47F1-AB1C-81313E9920F2}.Release|x86.Build.0 = Release|Any CPU
		{AE84C5C6-FB6D-4E02-8882-EFDC56FFC4E4}.Debug|Any CPU.ActiveCfg = Debug|Any CPU
		{AE84C5C6-FB6D-4E02-8882-EFDC56FFC4E4}.Debug|Any CPU.Build.0 = Debug|Any CPU
		{AE84C5C6-FB6D-4E02-8882-EFDC56FFC4E4}.Debug|x64.ActiveCfg = Debug|Any CPU
		{AE84C5C6-FB6D-4E02-8882-EFDC56FFC4E4}.Debug|x64.Build.0 = Debug|Any CPU
		{AE84C5C6-FB6D-4E02-8882-EFDC56FFC4E4}.Debug|x86.ActiveCfg = Debug|Any CPU
		{AE84C5C6-FB6D-4E02-8882-EFDC56FFC4E4}.Debug|x86.Build.0 = Debug|Any CPU
		{AE84C5C6-FB6D-4E02-8882-EFDC56FFC4E4}.Release|Any CPU.ActiveCfg = Release|Any CPU
		{AE84C5C6-FB6D-4E02-8882-EFDC56FFC4E4}.Release|Any CPU.Build.0 = Release|Any CPU
		{AE84C5C6-FB6D-4E02-8882-EFDC56FFC4E4}.Release|x64.ActiveCfg = Release|Any CPU
		{AE84C5C6-FB6D-4E02-8882-EFDC56FFC4E4}.Release|x64.Build.0 = Release|Any CPU
		{AE84C5C6-FB6D-4E02-8882-EFDC56FFC4E4}.Release|x86.ActiveCfg = Release|Any CPU
		{AE84C5C6-FB6D-4E02-8882-EFDC56FFC4E4}.Release|x86.Build.0 = Release|Any CPU
	EndGlobalSection
EndGlobal
